
Microsoft Visual Studio Solution File, Format Version 12.00
# Visual Studio Version 17
VisualStudioVersion = 17.4.33205.214
MinimumVisualStudioVersion = 10.0.40219.1
Project("{FAE04EC0-301F-11D3-BF4B-00C04F79EFBC}") = "VTYSProjeckt", "VTYSProjeckt\VTYSProjeckt.csproj", "{18C0F41A-241D-46EA-A299-EA8CF73F1939}"
EndProject
Global
	GlobalSection(SolutionConfigurationPlatforms) = preSolution
		Debug|Any CPU = Debug|Any CPU
		Release|Any CPU = Release|Any CPU
	EndGlobalSection
	GlobalSection(ProjectConfigurationPlatforms) = postSolution
		{18C0F41A-241D-46EA-A299-EA8CF73F1939}.Debug|Any CPU.ActiveCfg = Debug|Any CPU
		{18C0F41A-241D-46EA-A299-EA8CF73F1939}.Debug|Any CPU.Build.0 = Debug|Any CPU
		{18C0F41A-241D-46EA-A299-EA8CF73F1939}.Release|Any CPU.ActiveCfg = Release|Any CPU
		{18C0F41A-241D-46EA-A299-EA8CF73F1939}.Release|Any CPU.Build.0 = Release|Any CPU
	EndGlobalSection
	GlobalSection(SolutionProperties) = preSolution
		HideSolutionNode = FALSE
	EndGlobalSection
	GlobalSection(ExtensibilityGlobals) = postSolution
		SolutionGuid = {6EC49649-3256-418E-B21C-D5CFCB0B6B86}
	EndGlobalSection
EndGlobal
